
Microsoft Visual Studio Solution File, Format Version 12.00
# Visual Studio 15
VisualStudioVersion = 15.0.28307.421
MinimumVisualStudioVersion = 10.0.40219.1
Project("{FAE04EC0-301F-11D3-BF4B-00C04F79EFBC}") = "Dots And Boxes [TRPO]", "Dots And Boxes [TRPO]\Dots And Boxes [TRPO].csproj", "{AACCE94A-E83A-4425-A4C5-B9426CA60B30}"
EndProject
Project("{FAE04EC0-301F-11D3-BF4B-00C04F79EFBC}") = "UnitTestProject1", "UnitTestProject1\UnitTestProject1.csproj", "{380D2A76-3DCA-41BD-A01B-4EA479706DC8}"
EndProject
Global
	GlobalSection(SolutionConfigurationPlatforms) = preSolution
		Debug|Any CPU = Debug|Any CPU
		Release|Any CPU = Release|Any CPU
	EndGlobalSection
	GlobalSection(ProjectConfigurationPlatforms) = postSolution
		{AACCE94A-E83A-4425-A4C5-B9426CA60B30}.Debug|Any CPU.ActiveCfg = Debug|Any CPU
		{AACCE94A-E83A-4425-A4C5-B9426CA60B30}.Debug|Any CPU.Build.0 = Debug|Any CPU
		{AACCE94A-E83A-4425-A4C5-B9426CA60B30}.Release|Any CPU.ActiveCfg = Release|Any CPU
		{AACCE94A-E83A-4425-A4C5-B9426CA60B30}.Release|Any CPU.Build.0 = Release|Any CPU
		{380D2A76-3DCA-41BD-A01B-4EA479706DC8}.Debug|Any CPU.ActiveCfg = Debug|Any CPU
		{380D2A76-3DCA-41BD-A01B-4EA479706DC8}.Debug|Any CPU.Build.0 = Debug|Any CPU
		{380D2A76-3DCA-41BD-A01B-4EA479706DC8}.Release|Any CPU.ActiveCfg = Release|Any CPU
		{380D2A76-3DCA-41BD-A01B-4EA479706DC8}.Release|Any CPU.Build.0 = Release|Any CPU
	EndGlobalSection
	GlobalSection(SolutionProperties) = preSolution
		HideSolutionNode = FALSE
	EndGlobalSection
	GlobalSection(ExtensibilityGlobals) = postSolution
		SolutionGuid = {8EF07109-497D-4A28-8FBC-052CC62ED2AF}
	EndGlobalSection
EndGlobal
