
Microsoft Visual Studio Solution File, Format Version 12.00
# Visual Studio 15
VisualStudioVersion = 15.0.28307.421
MinimumVisualStudioVersion = 10.0.40219.1
Project("{FAE04EC0-301F-11D3-BF4B-00C04F79EFBC}") = "Dots And Boxes [TRPO]", "Dots And Boxes [TRPO]\Dots And Boxes [TRPO].csproj", "{B2417BCE-7F80-4C0E-83EE-7C4AB450B1A0}"
EndProject
Global
	GlobalSection(SolutionConfigurationPlatforms) = preSolution
		Debug|Any CPU = Debug|Any CPU
		Release|Any CPU = Release|Any CPU
	EndGlobalSection
	GlobalSection(ProjectConfigurationPlatforms) = postSolution
		{B2417BCE-7F80-4C0E-83EE-7C4AB450B1A0}.Debug|Any CPU.ActiveCfg = Debug|Any CPU
		{B2417BCE-7F80-4C0E-83EE-7C4AB450B1A0}.Debug|Any CPU.Build.0 = Debug|Any CPU
		{B2417BCE-7F80-4C0E-83EE-7C4AB450B1A0}.Release|Any CPU.ActiveCfg = Release|Any CPU
		{B2417BCE-7F80-4C0E-83EE-7C4AB450B1A0}.Release|Any CPU.Build.0 = Release|Any CPU
	EndGlobalSection
	GlobalSection(SolutionProperties) = preSolution
		HideSolutionNode = FALSE
	EndGlobalSection
	GlobalSection(ExtensibilityGlobals) = postSolution
		SolutionGuid = {241A54EE-6594-46B2-88D6-2FD81678CCBF}
	EndGlobalSection
EndGlobal
